// !$*UTF8*$!
{
	archiveVersion = 1;
	classes = {
	};
	objectVersion = 46;
	objects = {

/* Begin PBXBuildFile section */
		565BBF0C1AA57B9D00462214 /* person_placeholder.png in Resources */ = {isa = PBXBuildFile; fileRef = 565BBF0B1AA57B9D00462214 /* person_placeholder.png */; };
		565BBF0E1AA6B07600462214 /* InvestorTinderViewController.swift in Sources */ = {isa = PBXBuildFile; fileRef = 565BBF0D1AA6B07600462214 /* InvestorTinderViewController.swift */; };
		565BBF101AA6B1CC00462214 /* InvestorTinder.storyboard in Resources */ = {isa = PBXBuildFile; fileRef = 565BBF0F1AA6B1CC00462214 /* InvestorTinder.storyboard */; };
		56A936AB1AABB2E30023B333 /* MatchingPeopleList.storyboard in Resources */ = {isa = PBXBuildFile; fileRef = 56A936AA1AABB2E30023B333 /* MatchingPeopleList.storyboard */; };
		56A936AE1AABB3D30023B333 /* MatchingPeopleListViewController.swift in Sources */ = {isa = PBXBuildFile; fileRef = 56A936AD1AABB3D30023B333 /* MatchingPeopleListViewController.swift */; };
		56A936B01AABBCE30023B333 /* PersonCell.swift in Sources */ = {isa = PBXBuildFile; fileRef = 56A936AF1AABBCE30023B333 /* PersonCell.swift */; };
		56A936B21AABBD3F0023B333 /* Person.swift in Sources */ = {isa = PBXBuildFile; fileRef = 56A936B11AABBD3F0023B333 /* Person.swift */; };
		56A936B41AABCC260023B333 /* ChatButton.swift in Sources */ = {isa = PBXBuildFile; fileRef = 56A936B31AABCC260023B333 /* ChatButton.swift */; };
		56BF07C01AAA70B900860CC3 /* MuchingAlertController.swift in Sources */ = {isa = PBXBuildFile; fileRef = 56BF07BF1AAA70B900860CC3 /* MuchingAlertController.swift */; };
		56BF07C31AAA78D200860CC3 /* MessageViewController.swift in Sources */ = {isa = PBXBuildFile; fileRef = 56BF07C21AAA78D200860CC3 /* MessageViewController.swift */; };
		56BF07C51AAA790300860CC3 /* Message.storyboard in Resources */ = {isa = PBXBuildFile; fileRef = 56BF07C41AAA790300860CC3 /* Message.storyboard */; };
		56BF07C71AAA8F2C00860CC3 /* CommonNavigationBarViewConroller.swift in Sources */ = {isa = PBXBuildFile; fileRef = 56BF07C61AAA8F2C00860CC3 /* CommonNavigationBarViewConroller.swift */; };
		56E55CAB1AA18D7A00C32DF6 /* AppDelegate.swift in Sources */ = {isa = PBXBuildFile; fileRef = 56E55CAA1AA18D7A00C32DF6 /* AppDelegate.swift */; };
		56E55CAD1AA18D7A00C32DF6 /* ViewController.swift in Sources */ = {isa = PBXBuildFile; fileRef = 56E55CAC1AA18D7A00C32DF6 /* ViewController.swift */; };
		56E55CB21AA18D7A00C32DF6 /* Images.xcassets in Resources */ = {isa = PBXBuildFile; fileRef = 56E55CB11AA18D7A00C32DF6 /* Images.xcassets */; };
		56E55CB51AA18D7A00C32DF6 /* LaunchScreen.xib in Resources */ = {isa = PBXBuildFile; fileRef = 56E55CB31AA18D7A00C32DF6 /* LaunchScreen.xib */; };
		56E55CC11AA18D7B00C32DF6 /* FounderSFTests.swift in Sources */ = {isa = PBXBuildFile; fileRef = 56E55CC01AA18D7B00C32DF6 /* FounderSFTests.swift */; };
		56E55CD61AA2719D00C32DF6 /* consmos.jpg in Resources */ = {isa = PBXBuildFile; fileRef = 56E55CD51AA2719D00C32DF6 /* consmos.jpg */; };
		56E55CDA1AA2875100C32DF6 /* EntryDisplay.storyboard in Resources */ = {isa = PBXBuildFile; fileRef = 56E55CD91AA2875100C32DF6 /* EntryDisplay.storyboard */; };
		56E55CDE1AA287B400C32DF6 /* EntryDIsplayViewController.swift in Sources */ = {isa = PBXBuildFile; fileRef = 56E55CDD1AA287B400C32DF6 /* EntryDIsplayViewController.swift */; };
		56E55CE11AA2895100C32DF6 /* FounderTinder.storyboard in Resources */ = {isa = PBXBuildFile; fileRef = 56E55CE01AA2895100C32DF6 /* FounderTinder.storyboard */; };
		56E55CE41AA2899A00C32DF6 /* FounderTinderViewController.swift in Sources */ = {isa = PBXBuildFile; fileRef = 56E55CE31AA2899A00C32DF6 /* FounderTinderViewController.swift */; };
		56E55CE71AA2936B00C32DF6 /* UIStoryBoardExtension.swift in Sources */ = {isa = PBXBuildFile; fileRef = 56E55CE61AA2936B00C32DF6 /* UIStoryBoardExtension.swift */; };
		E92114AD6D92D7BA0D90E05D /* libPods.a in Frameworks */ = {isa = PBXBuildFile; fileRef = 069EBA7CF135905943D41900 /* libPods.a */; };
/* End PBXBuildFile section */

/* Begin PBXContainerItemProxy section */
		56E55CBB1AA18D7B00C32DF6 /* PBXContainerItemProxy */ = {
			isa = PBXContainerItemProxy;
			containerPortal = 56E55C9D1AA18D7A00C32DF6 /* Project object */;
			proxyType = 1;
			remoteGlobalIDString = 56E55CA41AA18D7A00C32DF6;
			remoteInfo = FounderSF;
		};
/* End PBXContainerItemProxy section */

/* Begin PBXFileReference section */
		069EBA7CF135905943D41900 /* libPods.a */ = {isa = PBXFileReference; explicitFileType = archive.ar; includeInIndex = 0; path = libPods.a; sourceTree = BUILT_PRODUCTS_DIR; };
		4D30B4DD8039BDE7A76FFB04 /* Pods.debug.xcconfig */ = {isa = PBXFileReference; includeInIndex = 1; lastKnownFileType = text.xcconfig; name = Pods.debug.xcconfig; path = "Pods/Target Support Files/Pods/Pods.debug.xcconfig"; sourceTree = "<group>"; };
		565BBF081AA42CFC00462214 /* FounderSF-Bridging-Header.h */ = {isa = PBXFileReference; lastKnownFileType = sourcecode.c.h; path = "FounderSF-Bridging-Header.h"; sourceTree = "<group>"; };
		565BBF0B1AA57B9D00462214 /* person_placeholder.png */ = {isa = PBXFileReference; lastKnownFileType = image.png; path = person_placeholder.png; sourceTree = "<group>"; };
		565BBF0D1AA6B07600462214 /* InvestorTinderViewController.swift */ = {isa = PBXFileReference; fileEncoding = 4; lastKnownFileType = sourcecode.swift; path = InvestorTinderViewController.swift; sourceTree = "<group>"; };
		565BBF0F1AA6B1CC00462214 /* InvestorTinder.storyboard */ = {isa = PBXFileReference; fileEncoding = 4; lastKnownFileType = file.storyboard; path = InvestorTinder.storyboard; sourceTree = "<group>"; };
		56A936AA1AABB2E30023B333 /* MatchingPeopleList.storyboard */ = {isa = PBXFileReference; fileEncoding = 4; lastKnownFileType = file.storyboard; path = MatchingPeopleList.storyboard; sourceTree = "<group>"; };
		56A936AD1AABB3D30023B333 /* MatchingPeopleListViewController.swift */ = {isa = PBXFileReference; fileEncoding = 4; lastKnownFileType = sourcecode.swift; path = MatchingPeopleListViewController.swift; sourceTree = "<group>"; };
		56A936AF1AABBCE30023B333 /* PersonCell.swift */ = {isa = PBXFileReference; fileEncoding = 4; lastKnownFileType = sourcecode.swift; path = PersonCell.swift; sourceTree = "<group>"; };
		56A936B11AABBD3F0023B333 /* Person.swift */ = {isa = PBXFileReference; fileEncoding = 4; lastKnownFileType = sourcecode.swift; path = Person.swift; sourceTree = "<group>"; };
		56A936B31AABCC260023B333 /* ChatButton.swift */ = {isa = PBXFileReference; fileEncoding = 4; lastKnownFileType = sourcecode.swift; path = ChatButton.swift; sourceTree = "<group>"; };
		56BF07BF1AAA70B900860CC3 /* MuchingAlertController.swift */ = {isa = PBXFileReference; fileEncoding = 4; lastKnownFileType = sourcecode.swift; path = MuchingAlertController.swift; sourceTree = "<group>"; };
		56BF07C21AAA78D200860CC3 /* MessageViewController.swift */ = {isa = PBXFileReference; fileEncoding = 4; lastKnownFileType = sourcecode.swift; path = MessageViewController.swift; sourceTree = "<group>"; };
		56BF07C41AAA790300860CC3 /* Message.storyboard */ = {isa = PBXFileReference; fileEncoding = 4; lastKnownFileType = file.storyboard; path = Message.storyboard; sourceTree = "<group>"; };
		56BF07C61AAA8F2C00860CC3 /* CommonNavigationBarViewConroller.swift */ = {isa = PBXFileReference; fileEncoding = 4; lastKnownFileType = sourcecode.swift; path = CommonNavigationBarViewConroller.swift; sourceTree = "<group>"; };
		56E55CA51AA18D7A00C32DF6 /* FounderSF.app */ = {isa = PBXFileReference; explicitFileType = wrapper.application; includeInIndex = 0; path = FounderSF.app; sourceTree = BUILT_PRODUCTS_DIR; };
		56E55CA91AA18D7A00C32DF6 /* Info.plist */ = {isa = PBXFileReference; lastKnownFileType = text.plist.xml; path = Info.plist; sourceTree = "<group>"; };
		56E55CAA1AA18D7A00C32DF6 /* AppDelegate.swift */ = {isa = PBXFileReference; lastKnownFileType = sourcecode.swift; path = AppDelegate.swift; sourceTree = "<group>"; };
		56E55CAC1AA18D7A00C32DF6 /* ViewController.swift */ = {isa = PBXFileReference; lastKnownFileType = sourcecode.swift; path = ViewController.swift; sourceTree = "<group>"; };
		56E55CB11AA18D7A00C32DF6 /* Images.xcassets */ = {isa = PBXFileReference; lastKnownFileType = folder.assetcatalog; path = Images.xcassets; sourceTree = "<group>"; };
		56E55CB41AA18D7A00C32DF6 /* Base */ = {isa = PBXFileReference; lastKnownFileType = file.xib; name = Base; path = Base.lproj/LaunchScreen.xib; sourceTree = "<group>"; };
		56E55CBA1AA18D7B00C32DF6 /* FounderSFTests.xctest */ = {isa = PBXFileReference; explicitFileType = wrapper.cfbundle; includeInIndex = 0; path = FounderSFTests.xctest; sourceTree = BUILT_PRODUCTS_DIR; };
		56E55CBF1AA18D7B00C32DF6 /* Info.plist */ = {isa = PBXFileReference; lastKnownFileType = text.plist.xml; path = Info.plist; sourceTree = "<group>"; };
		56E55CC01AA18D7B00C32DF6 /* FounderSFTests.swift */ = {isa = PBXFileReference; lastKnownFileType = sourcecode.swift; path = FounderSFTests.swift; sourceTree = "<group>"; };
		56E55CD51AA2719D00C32DF6 /* consmos.jpg */ = {isa = PBXFileReference; lastKnownFileType = image.jpeg; path = consmos.jpg; sourceTree = "<group>"; };
		56E55CD91AA2875100C32DF6 /* EntryDisplay.storyboard */ = {isa = PBXFileReference; fileEncoding = 4; lastKnownFileType = file.storyboard; path = EntryDisplay.storyboard; sourceTree = "<group>"; };
		56E55CDD1AA287B400C32DF6 /* EntryDIsplayViewController.swift */ = {isa = PBXFileReference; fileEncoding = 4; lastKnownFileType = sourcecode.swift; path = EntryDIsplayViewController.swift; sourceTree = "<group>"; };
		56E55CE01AA2895100C32DF6 /* FounderTinder.storyboard */ = {isa = PBXFileReference; fileEncoding = 4; lastKnownFileType = file.storyboard; path = FounderTinder.storyboard; sourceTree = "<group>"; };
		56E55CE31AA2899A00C32DF6 /* FounderTinderViewController.swift */ = {isa = PBXFileReference; fileEncoding = 4; lastKnownFileType = sourcecode.swift; path = FounderTinderViewController.swift; sourceTree = "<group>"; };
		56E55CE61AA2936B00C32DF6 /* UIStoryBoardExtension.swift */ = {isa = PBXFileReference; fileEncoding = 4; lastKnownFileType = sourcecode.swift; path = UIStoryBoardExtension.swift; sourceTree = "<group>"; };
		ABA8203E7220B7D73EE51383 /* Pods.release.xcconfig */ = {isa = PBXFileReference; includeInIndex = 1; lastKnownFileType = text.xcconfig; name = Pods.release.xcconfig; path = "Pods/Target Support Files/Pods/Pods.release.xcconfig"; sourceTree = "<group>"; };
/* End PBXFileReference section */

/* Begin PBXFrameworksBuildPhase section */
		56E55CA21AA18D7A00C32DF6 /* Frameworks */ = {
			isa = PBXFrameworksBuildPhase;
			buildActionMask = 2147483647;
			files = (
				E92114AD6D92D7BA0D90E05D /* libPods.a in Frameworks */,
			);
			runOnlyForDeploymentPostprocessing = 0;
		};
		56E55CB71AA18D7B00C32DF6 /* Frameworks */ = {
			isa = PBXFrameworksBuildPhase;
			buildActionMask = 2147483647;
			files = (
			);
			runOnlyForDeploymentPostprocessing = 0;
		};
/* End PBXFrameworksBuildPhase section */

/* Begin PBXGroup section */
		4BECED692104F68DB3F5276D /* Frameworks */ = {
			isa = PBXGroup;
			children = (
				069EBA7CF135905943D41900 /* libPods.a */,
			);
			name = Frameworks;
			sourceTree = "<group>";
		};
		56A936AC1AABB3750023B333 /* MatchingPeopleList */ = {
			isa = PBXGroup;
			children = (
				56A936AD1AABB3D30023B333 /* MatchingPeopleListViewController.swift */,
				56A936AF1AABBCE30023B333 /* PersonCell.swift */,
				56A936B11AABBD3F0023B333 /* Person.swift */,
			);
			path = MatchingPeopleList;
			sourceTree = "<group>";
		};
		56BF07C11AAA788900860CC3 /* Message */ = {
			isa = PBXGroup;
			children = (
				56BF07C21AAA78D200860CC3 /* MessageViewController.swift */,
			);
			path = Message;
			sourceTree = "<group>";
		};
		56E55C9C1AA18D7A00C32DF6 = {
			isa = PBXGroup;
			children = (
				56E55CA71AA18D7A00C32DF6 /* FounderSF */,
				56E55CBD1AA18D7B00C32DF6 /* FounderSFTests */,
				56E55CA61AA18D7A00C32DF6 /* Products */,
				F087A6FA5ED69601FCDC1D86 /* Pods */,
				4BECED692104F68DB3F5276D /* Frameworks */,
			);
			sourceTree = "<group>";
		};
		56E55CA61AA18D7A00C32DF6 /* Products */ = {
			isa = PBXGroup;
			children = (
				56E55CA51AA18D7A00C32DF6 /* FounderSF.app */,
				56E55CBA1AA18D7B00C32DF6 /* FounderSFTests.xctest */,
			);
			name = Products;
			sourceTree = "<group>";
		};
		56E55CA71AA18D7A00C32DF6 /* FounderSF */ = {
			isa = PBXGroup;
			children = (
				56E55CE51AA2930F00C32DF6 /* Utils */,
				56E55CD81AA284CC00C32DF6 /* Storyboard */,
				56E55CD71AA284B500C32DF6 /* Views */,
				56E55CD21AA26F3B00C32DF6 /* images */,
				56E55CAA1AA18D7A00C32DF6 /* AppDelegate.swift */,
				56E55CAC1AA18D7A00C32DF6 /* ViewController.swift */,
				56E55CB11AA18D7A00C32DF6 /* Images.xcassets */,
				56E55CB31AA18D7A00C32DF6 /* LaunchScreen.xib */,
				56E55CA81AA18D7A00C32DF6 /* Supporting Files */,
				565BBF081AA42CFC00462214 /* FounderSF-Bridging-Header.h */,
			);
			path = FounderSF;
			sourceTree = "<group>";
		};
		56E55CA81AA18D7A00C32DF6 /* Supporting Files */ = {
			isa = PBXGroup;
			children = (
				56E55CA91AA18D7A00C32DF6 /* Info.plist */,
			);
			name = "Supporting Files";
			sourceTree = "<group>";
		};
		56E55CBD1AA18D7B00C32DF6 /* FounderSFTests */ = {
			isa = PBXGroup;
			children = (
				56E55CC01AA18D7B00C32DF6 /* FounderSFTests.swift */,
				56E55CBE1AA18D7B00C32DF6 /* Supporting Files */,
			);
			path = FounderSFTests;
			sourceTree = "<group>";
		};
		56E55CBE1AA18D7B00C32DF6 /* Supporting Files */ = {
			isa = PBXGroup;
			children = (
				56E55CBF1AA18D7B00C32DF6 /* Info.plist */,
			);
			name = "Supporting Files";
			sourceTree = "<group>";
		};
		56E55CCA1AA1900600C32DF6 /* EntryDisplay */ = {
			isa = PBXGroup;
			children = (
				56E55CDD1AA287B400C32DF6 /* EntryDIsplayViewController.swift */,
			);
			path = EntryDisplay;
			sourceTree = "<group>";
		};
		56E55CD21AA26F3B00C32DF6 /* images */ = {
			isa = PBXGroup;
			children = (
				565BBF0B1AA57B9D00462214 /* person_placeholder.png */,
				56E55CD51AA2719D00C32DF6 /* consmos.jpg */,
			);
			path = images;
			sourceTree = "<group>";
		};
		56E55CD71AA284B500C32DF6 /* Views */ = {
			isa = PBXGroup;
			children = (
				56A936AC1AABB3750023B333 /* MatchingPeopleList */,
				56BF07C11AAA788900860CC3 /* Message */,
				56E55CE21AA2895E00C32DF6 /* FounderInvestorTinder */,
				56E55CCA1AA1900600C32DF6 /* EntryDisplay */,
			);
			path = Views;
			sourceTree = "<group>";
		};
		56E55CD81AA284CC00C32DF6 /* Storyboard */ = {
			isa = PBXGroup;
			children = (
				56E55CD91AA2875100C32DF6 /* EntryDisplay.storyboard */,
				56E55CE01AA2895100C32DF6 /* FounderTinder.storyboard */,
				565BBF0F1AA6B1CC00462214 /* InvestorTinder.storyboard */,
				56BF07C41AAA790300860CC3 /* Message.storyboard */,
				56A936AA1AABB2E30023B333 /* MatchingPeopleList.storyboard */,
			);
			path = Storyboard;
			sourceTree = "<group>";
		};
		56E55CE21AA2895E00C32DF6 /* FounderInvestorTinder */ = {
			isa = PBXGroup;
			children = (
				56E55CE31AA2899A00C32DF6 /* FounderTinderViewController.swift */,
				565BBF0D1AA6B07600462214 /* InvestorTinderViewController.swift */,
				56BF07BF1AAA70B900860CC3 /* MuchingAlertController.swift */,
				56BF07C61AAA8F2C00860CC3 /* CommonNavigationBarViewConroller.swift */,
				56A936B31AABCC260023B333 /* ChatButton.swift */,
			);
			path = FounderInvestorTinder;
			sourceTree = "<group>";
		};
		56E55CE51AA2930F00C32DF6 /* Utils */ = {
			isa = PBXGroup;
			children = (
				56E55CE61AA2936B00C32DF6 /* UIStoryBoardExtension.swift */,
			);
			path = Utils;
			sourceTree = "<group>";
		};
		F087A6FA5ED69601FCDC1D86 /* Pods */ = {
			isa = PBXGroup;
			children = (
				4D30B4DD8039BDE7A76FFB04 /* Pods.debug.xcconfig */,
				ABA8203E7220B7D73EE51383 /* Pods.release.xcconfig */,
			);
			name = Pods;
			sourceTree = "<group>";
		};
/* End PBXGroup section */

/* Begin PBXNativeTarget section */
		56E55CA41AA18D7A00C32DF6 /* FounderSF */ = {
			isa = PBXNativeTarget;
			buildConfigurationList = 56E55CC41AA18D7B00C32DF6 /* Build configuration list for PBXNativeTarget "FounderSF" */;
			buildPhases = (
				F5373152178235F9FFEFF73A /* Check Pods Manifest.lock */,
				56E55CA11AA18D7A00C32DF6 /* Sources */,
				56E55CA21AA18D7A00C32DF6 /* Frameworks */,
				56E55CA31AA18D7A00C32DF6 /* Resources */,
				43D60C5B4915163672E685FB /* Copy Pods Resources */,
			);
			buildRules = (
			);
			dependencies = (
			);
			name = FounderSF;
			productName = FounderSF;
			productReference = 56E55CA51AA18D7A00C32DF6 /* FounderSF.app */;
			productType = "com.apple.product-type.application";
		};
		56E55CB91AA18D7B00C32DF6 /* FounderSFTests */ = {
			isa = PBXNativeTarget;
			buildConfigurationList = 56E55CC71AA18D7B00C32DF6 /* Build configuration list for PBXNativeTarget "FounderSFTests" */;
			buildPhases = (
				56E55CB61AA18D7B00C32DF6 /* Sources */,
				56E55CB71AA18D7B00C32DF6 /* Frameworks */,
				56E55CB81AA18D7B00C32DF6 /* Resources */,
			);
			buildRules = (
			);
			dependencies = (
				56E55CBC1AA18D7B00C32DF6 /* PBXTargetDependency */,
			);
			name = FounderSFTests;
			productName = FounderSFTests;
			productReference = 56E55CBA1AA18D7B00C32DF6 /* FounderSFTests.xctest */;
			productType = "com.apple.product-type.bundle.unit-test";
		};
/* End PBXNativeTarget section */

/* Begin PBXProject section */
		56E55C9D1AA18D7A00C32DF6 /* Project object */ = {
			isa = PBXProject;
			attributes = {
				LastUpgradeCheck = 0610;
				ORGANIZATIONNAME = FounderSF;
				TargetAttributes = {
					56E55CA41AA18D7A00C32DF6 = {
						CreatedOnToolsVersion = 6.1.1;
					};
					56E55CB91AA18D7B00C32DF6 = {
						CreatedOnToolsVersion = 6.1.1;
						TestTargetID = 56E55CA41AA18D7A00C32DF6;
					};
				};
			};
			buildConfigurationList = 56E55CA01AA18D7A00C32DF6 /* Build configuration list for PBXProject "FounderSF" */;
			compatibilityVersion = "Xcode 3.2";
			developmentRegion = English;
			hasScannedForEncodings = 0;
			knownRegions = (
				en,
				Base,
			);
			mainGroup = 56E55C9C1AA18D7A00C32DF6;
			productRefGroup = 56E55CA61AA18D7A00C32DF6 /* Products */;
			projectDirPath = "";
			projectRoot = "";
			targets = (
				56E55CA41AA18D7A00C32DF6 /* FounderSF */,
				56E55CB91AA18D7B00C32DF6 /* FounderSFTests */,
			);
		};
/* End PBXProject section */

/* Begin PBXResourcesBuildPhase section */
		56E55CA31AA18D7A00C32DF6 /* Resources */ = {
			isa = PBXResourcesBuildPhase;
			buildActionMask = 2147483647;
			files = (
				565BBF101AA6B1CC00462214 /* InvestorTinder.storyboard in Resources */,
				56E55CB51AA18D7A00C32DF6 /* LaunchScreen.xib in Resources */,
				56E55CE11AA2895100C32DF6 /* FounderTinder.storyboard in Resources */,
				56BF07C51AAA790300860CC3 /* Message.storyboard in Resources */,
				56E55CDA1AA2875100C32DF6 /* EntryDisplay.storyboard in Resources */,
				56E55CB21AA18D7A00C32DF6 /* Images.xcassets in Resources */,
				56A936AB1AABB2E30023B333 /* MatchingPeopleList.storyboard in Resources */,
				56E55CD61AA2719D00C32DF6 /* consmos.jpg in Resources */,
				565BBF0C1AA57B9D00462214 /* person_placeholder.png in Resources */,
			);
			runOnlyForDeploymentPostprocessing = 0;
		};
		56E55CB81AA18D7B00C32DF6 /* Resources */ = {
			isa = PBXResourcesBuildPhase;
			buildActionMask = 2147483647;
			files = (
			);
			runOnlyForDeploymentPostprocessing = 0;
		};
/* End PBXResourcesBuildPhase section */

/* Begin PBXShellScriptBuildPhase section */
		43D60C5B4915163672E685FB /* Copy Pods Resources */ = {
			isa = PBXShellScriptBuildPhase;
			buildActionMask = 2147483647;
			files = (
			);
			inputPaths = (
			);
			name = "Copy Pods Resources";
			outputPaths = (
			);
			runOnlyForDeploymentPostprocessing = 0;
			shellPath = /bin/sh;
			shellScript = "\"${SRCROOT}/Pods/Target Support Files/Pods/Pods-resources.sh\"\n";
			showEnvVarsInLog = 0;
		};
		F5373152178235F9FFEFF73A /* Check Pods Manifest.lock */ = {
			isa = PBXShellScriptBuildPhase;
			buildActionMask = 2147483647;
			files = (
			);
			inputPaths = (
			);
			name = "Check Pods Manifest.lock";
			outputPaths = (
			);
			runOnlyForDeploymentPostprocessing = 0;
			shellPath = /bin/sh;
			shellScript = "diff \"${PODS_ROOT}/../Podfile.lock\" \"${PODS_ROOT}/Manifest.lock\" > /dev/null\nif [[ $? != 0 ]] ; then\n    cat << EOM\nerror: The sandbox is not in sync with the Podfile.lock. Run 'pod install' or update your CocoaPods installation.\nEOM\n    exit 1\nfi\n";
			showEnvVarsInLog = 0;
		};
/* End PBXShellScriptBuildPhase section */

/* Begin PBXSourcesBuildPhase section */
		56E55CA11AA18D7A00C32DF6 /* Sources */ = {
			isa = PBXSourcesBuildPhase;
			buildActionMask = 2147483647;
			files = (
				56E55CE71AA2936B00C32DF6 /* UIStoryBoardExtension.swift in Sources */,
				56A936B41AABCC260023B333 /* ChatButton.swift in Sources */,
				56A936AE1AABB3D30023B333 /* MatchingPeopleListViewController.swift in Sources */,
				56BF07C01AAA70B900860CC3 /* MuchingAlertController.swift in Sources */,
				56BF07C31AAA78D200860CC3 /* MessageViewController.swift in Sources */,
				565BBF0E1AA6B07600462214 /* InvestorTinderViewController.swift in Sources */,
				56E55CAD1AA18D7A00C32DF6 /* ViewController.swift in Sources */,
				56A936B21AABBD3F0023B333 /* Person.swift in Sources */,
				56BF07C71AAA8F2C00860CC3 /* CommonNavigationBarViewConroller.swift in Sources */,
				56A936B01AABBCE30023B333 /* PersonCell.swift in Sources */,
				56E55CDE1AA287B400C32DF6 /* EntryDIsplayViewController.swift in Sources */,
				56E55CE41AA2899A00C32DF6 /* FounderTinderViewController.swift in Sources */,
				56E55CAB1AA18D7A00C32DF6 /* AppDelegate.swift in Sources */,
			);
			runOnlyForDeploymentPostprocessing = 0;
		};
		56E55CB61AA18D7B00C32DF6 /* Sources */ = {
			isa = PBXSourcesBuildPhase;
			buildActionMask = 2147483647;
			files = (
				56E55CC11AA18D7B00C32DF6 /* FounderSFTests.swift in Sources */,
			);
			runOnlyForDeploymentPostprocessing = 0;
		};
/* End PBXSourcesBuildPhase section */

/* Begin PBXTargetDependency section */
		56E55CBC1AA18D7B00C32DF6 /* PBXTargetDependency */ = {
			isa = PBXTargetDependency;
			target = 56E55CA41AA18D7A00C32DF6 /* FounderSF */;
			targetProxy = 56E55CBB1AA18D7B00C32DF6 /* PBXContainerItemProxy */;
		};
/* End PBXTargetDependency section */

/* Begin PBXVariantGroup section */
		56E55CB31AA18D7A00C32DF6 /* LaunchScreen.xib */ = {
			isa = PBXVariantGroup;
			children = (
				56E55CB41AA18D7A00C32DF6 /* Base */,
			);
			name = LaunchScreen.xib;
			sourceTree = "<group>";
		};
/* End PBXVariantGroup section */

/* Begin XCBuildConfiguration section */
		56E55CC21AA18D7B00C32DF6 /* Debug */ = {
			isa = XCBuildConfiguration;
			buildSettings = {
				ALWAYS_SEARCH_USER_PATHS = NO;
				CLANG_CXX_LANGUAGE_STANDARD = "gnu++0x";
				CLANG_CXX_LIBRARY = "libc++";
				CLANG_ENABLE_MODULES = YES;
				CLANG_ENABLE_OBJC_ARC = YES;
				CLANG_WARN_BOOL_CONVERSION = YES;
				CLANG_WARN_CONSTANT_CONVERSION = YES;
				CLANG_WARN_DIRECT_OBJC_ISA_USAGE = YES_ERROR;
				CLANG_WARN_EMPTY_BODY = YES;
				CLANG_WARN_ENUM_CONVERSION = YES;
				CLANG_WARN_INT_CONVERSION = YES;
				CLANG_WARN_OBJC_ROOT_CLASS = YES_ERROR;
				CLANG_WARN_UNREACHABLE_CODE = YES;
				CLANG_WARN__DUPLICATE_METHOD_MATCH = YES;
				"CODE_SIGN_IDENTITY[sdk=iphoneos*]" = "iPhone Developer";
				COPY_PHASE_STRIP = NO;
				ENABLE_STRICT_OBJC_MSGSEND = YES;
				GCC_C_LANGUAGE_STANDARD = gnu99;
				GCC_DYNAMIC_NO_PIC = NO;
				GCC_OPTIMIZATION_LEVEL = 0;
				GCC_PREPROCESSOR_DEFINITIONS = (
					"DEBUG=1",
					"$(inherited)",
				);
				GCC_SYMBOLS_PRIVATE_EXTERN = NO;
				GCC_WARN_64_TO_32_BIT_CONVERSION = YES;
				GCC_WARN_ABOUT_RETURN_TYPE = YES_ERROR;
				GCC_WARN_UNDECLARED_SELECTOR = YES;
				GCC_WARN_UNINITIALIZED_AUTOS = YES_AGGRESSIVE;
				GCC_WARN_UNUSED_FUNCTION = YES;
				GCC_WARN_UNUSED_VARIABLE = YES;
				IPHONEOS_DEPLOYMENT_TARGET = 8.1;
				MTL_ENABLE_DEBUG_INFO = YES;
				ONLY_ACTIVE_ARCH = YES;
				SDKROOT = iphoneos;
				SWIFT_OPTIMIZATION_LEVEL = "-Onone";
			};
			name = Debug;
		};
		56E55CC31AA18D7B00C32DF6 /* Release */ = {
			isa = XCBuildConfiguration;
			buildSettings = {
				ALWAYS_SEARCH_USER_PATHS = NO;
				CLANG_CXX_LANGUAGE_STANDARD = "gnu++0x";
				CLANG_CXX_LIBRARY = "libc++";
				CLANG_ENABLE_MODULES = YES;
				CLANG_ENABLE_OBJC_ARC = YES;
				CLANG_WARN_BOOL_CONVERSION = YES;
				CLANG_WARN_CONSTANT_CONVERSION = YES;
				CLANG_WARN_DIRECT_OBJC_ISA_USAGE = YES_ERROR;
				CLANG_WARN_EMPTY_BODY = YES;
				CLANG_WARN_ENUM_CONVERSION = YES;
				CLANG_WARN_INT_CONVERSION = YES;
				CLANG_WARN_OBJC_ROOT_CLASS = YES_ERROR;
				CLANG_WARN_UNREACHABLE_CODE = YES;
				CLANG_WARN__DUPLICATE_METHOD_MATCH = YES;
				"CODE_SIGN_IDENTITY[sdk=iphoneos*]" = "iPhone Developer";
				COPY_PHASE_STRIP = YES;
				ENABLE_NS_ASSERTIONS = NO;
				ENABLE_STRICT_OBJC_MSGSEND = YES;
				GCC_C_LANGUAGE_STANDARD = gnu99;
				GCC_WARN_64_TO_32_BIT_CONVERSION = YES;
				GCC_WARN_ABOUT_RETURN_TYPE = YES_ERROR;
				GCC_WARN_UNDECLARED_SELECTOR = YES;
				GCC_WARN_UNINITIALIZED_AUTOS = YES_AGGRESSIVE;
				GCC_WARN_UNUSED_FUNCTION = YES;
				GCC_WARN_UNUSED_VARIABLE = YES;
				IPHONEOS_DEPLOYMENT_TARGET = 8.1;
				MTL_ENABLE_DEBUG_INFO = NO;
				SDKROOT = iphoneos;
				VALIDATE_PRODUCT = YES;
			};
			name = Release;
		};
		56E55CC51AA18D7B00C32DF6 /* Debug */ = {
			isa = XCBuildConfiguration;
			baseConfigurationReference = 4D30B4DD8039BDE7A76FFB04 /* Pods.debug.xcconfig */;
			buildSettings = {
				ASSETCATALOG_COMPILER_APPICON_NAME = AppIcon;
				INFOPLIST_FILE = FounderSF/Info.plist;
				LD_RUNPATH_SEARCH_PATHS = "$(inherited) @executable_path/Frameworks";
				PRODUCT_NAME = "$(TARGET_NAME)";
				SWIFT_OBJC_BRIDGING_HEADER = "$(PROJECT)/FounderSF-Bridging-Header.h";
			};
			name = Debug;
		};
		56E55CC61AA18D7B00C32DF6 /* Release */ = {
			isa = XCBuildConfiguration;
			baseConfigurationReference = ABA8203E7220B7D73EE51383 /* Pods.release.xcconfig */;
			buildSettings = {
				ASSETCATALOG_COMPILER_APPICON_NAME = AppIcon;
				INFOPLIST_FILE = FounderSF/Info.plist;
				LD_RUNPATH_SEARCH_PATHS = "$(inherited) @executable_path/Frameworks";
				PRODUCT_NAME = "$(TARGET_NAME)";
				SWIFT_OBJC_BRIDGING_HEADER = "$(PROJECT)/FounderSF-Bridging-Header.h";
			};
			name = Release;
		};
		56E55CC81AA18D7B00C32DF6 /* Debug */ = {
			isa = XCBuildConfiguration;
			buildSettings = {
				BUNDLE_LOADER = "$(TEST_HOST)";
				FRAMEWORK_SEARCH_PATHS = (
					"$(SDKROOT)/Developer/Library/Frameworks",
					"$(inherited)",
				);
				GCC_PREPROCESSOR_DEFINITIONS = (
					"DEBUG=1",
					"$(inherited)",
				);
				INFOPLIST_FILE = FounderSFTests/Info.plist;
				LD_RUNPATH_SEARCH_PATHS = "$(inherited) @executable_path/Frameworks @loader_path/Frameworks";
				PRODUCT_NAME = "$(TARGET_NAME)";
				TEST_HOST = "$(BUILT_PRODUCTS_DIR)/FounderSF.app/FounderSF";
			};
			name = Debug;
		};
		56E55CC91AA18D7B00C32DF6 /* Release */ = {
			isa = XCBuildConfiguration;
			buildSettings = {
				BUNDLE_LOADER = "$(TEST_HOST)";
				FRAMEWORK_SEARCH_PATHS = (
					"$(SDKROOT)/Developer/Library/Frameworks",
					"$(inherited)",
				);
				INFOPLIST_FILE = FounderSFTests/Info.plist;
				LD_RUNPATH_SEARCH_PATHS = "$(inherited) @executable_path/Frameworks @loader_path/Frameworks";
				PRODUCT_NAME = "$(TARGET_NAME)";
				TEST_HOST = "$(BUILT_PRODUCTS_DIR)/FounderSF.app/FounderSF";
			};
			name = Release;
		};
/* End XCBuildConfiguration section */

/* Begin XCConfigurationList section */
		56E55CA01AA18D7A00C32DF6 /* Build configuration list for PBXProject "FounderSF" */ = {
			isa = XCConfigurationList;
			buildConfigurations = (
				56E55CC21AA18D7B00C32DF6 /* Debug */,
				56E55CC31AA18D7B00C32DF6 /* Release */,
			);
			defaultConfigurationIsVisible = 0;
			defaultConfigurationName = Release;
		};
		56E55CC41AA18D7B00C32DF6 /* Build configuration list for PBXNativeTarget "FounderSF" */ = {
			isa = XCConfigurationList;
			buildConfigurations = (
				56E55CC51AA18D7B00C32DF6 /* Debug */,
				56E55CC61AA18D7B00C32DF6 /* Release */,
			);
			defaultConfigurationIsVisible = 0;
			defaultConfigurationName = Release;
		};
		56E55CC71AA18D7B00C32DF6 /* Build configuration list for PBXNativeTarget "FounderSFTests" */ = {
			isa = XCConfigurationList;
			buildConfigurations = (
				56E55CC81AA18D7B00C32DF6 /* Debug */,
				56E55CC91AA18D7B00C32DF6 /* Release */,
			);
			defaultConfigurationIsVisible = 0;
			defaultConfigurationName = Release;
		};
/* End XCConfigurationList section */
	};
	rootObject = 56E55C9D1AA18D7A00C32DF6 /* Project object */;
}
